<?xml version="1.0" encoding="UTF-8"?>
<Scheme
   LastUpgradeVersion = "0450"
   version = "1.3">
   <BuildAction
      parallelizeBuildables = "YES"
      buildImplicitDependencies = "YES">
      <BuildActionEntries>
         <BuildActionEntry
            buildForTesting = "YES"
            buildForRunning = "YES"
            buildForProfiling = "YES"
            buildForArchiving = "YES"
            buildForAnalyzing = "YES">
            <BuildableReference
               BuildableIdentifier = "primary"
               BlueprintIdentifier = "360A8EE514A39C7900BE8E58"
               BuildableName = "FoxSports.app"
               BlueprintName = "FoxSports"
               ReferencedContainer = "container:FoxSports.xcodeproj">
            </BuildableReference>
         </BuildActionEntry>
      </BuildActionEntries>
   </BuildAction>
   <TestAction
      selectedDebuggerIdentifier = "Xcode.DebuggerFoundation.Debugger.LLDB"
      selectedLauncherIdentifier = "Xcode.DebuggerFoundation.Launcher.GDB"
      shouldUseLaunchSchemeArgsEnv = "YES"
      buildConfiguration = "Debug">
      <Testables>
         <TestableReference
            skipped = "NO">
            <BuildableReference
               BuildableIdentifier = "primary"
               BlueprintIdentifier = "3607503014D7672200EB33D9"
               BuildableName = "LogicTests.octest"
               BlueprintName = "LogicTests"
               ReferencedContainer = "container:FoxSports.xcodeproj">
            </BuildableReference>
            <SkippedTests>
               <Test
                  Identifier = "NSDateExtensionTests">
               </Test>
               <Test
                  Identifier = "UpAndRunning">
               </Test>
               <Test
                  Identifier = "PollingCenter">
               </Test>
               <Test
                  Identifier = "NSDictionaryExtensions">
               </Test>
            </SkippedTests>
         </TestableReference>
         <TestableReference
            skipped = "NO">
            <BuildableReference
               BuildableIdentifier = "primary"
               BlueprintIdentifier = "360A8F0514A39C7900BE8E58"
               BuildableName = "FoxSportsTests.octest"
               BlueprintName = "FoxSportsTests"
               ReferencedContainer = "container:FoxSports.xcodeproj">
            </BuildableReference>
            <SkippedTests>
               <Test
                  Identifier = "FSPTeamTests">
               </Test>
               <Test
                  Identifier = "UpAndRunning">
               </Test>
               <Test
                  Identifier = "RootViewController">
               </Test>
            </SkippedTests>
         </TestableReference>
      </Testables>
      <MacroExpansion>
         <BuildableReference
            BuildableIdentifier = "primary"
            BlueprintIdentifier = "360A8EE514A39C7900BE8E58"
            BuildableName = "FoxSports.app"
            BlueprintName = "FoxSports"
            ReferencedContainer = "container:FoxSports.xcodeproj">
         </BuildableReference>
      </MacroExpansion>
   </TestAction>
   <LaunchAction
      selectedDebuggerIdentifier = "Xcode.DebuggerFoundation.Debugger.LLDB"
      selectedLauncherIdentifier = "Xcode.DebuggerFoundation.Launcher.LLDB"
      launchStyle = "0"
      useCustomWorkingDirectory = "NO"
      buildConfiguration = "Debug"
      ignoresPersistentStateOnLaunch = "NO"
      debugDocumentVersioning = "YES"
      allowLocationSimulation = "YES">
      <BuildableProductRunnable>
         <BuildableReference
            BuildableIdentifier = "primary"
            BlueprintIdentifier = "360A8EE514A39C7900BE8E58"
            BuildableName = "FoxSports.app"
            BlueprintName = "FoxSports"
            ReferencedContainer = "container:FoxSports.xcodeproj">
         </BuildableReference>
      </BuildableProductRunnable>
      <AdditionalOptions>
      </AdditionalOptions>
   </LaunchAction>
   <ProfileAction
      shouldUseLaunchSchemeArgsEnv = "YES"
      savedToolIdentifier = ""
      useCustomWorkingDirectory = "NO"
      buildConfiguration = "Profile"
      debugDocumentVersioning = "YES">
      <BuildableProductRunnable>
         <BuildableReference
            BuildableIdentifier = "primary"
            BlueprintIdentifier = "360A8EE514A39C7900BE8E58"
            BuildableName = "FoxSports.app"
            BlueprintName = "FoxSports"
            ReferencedContainer = "container:FoxSports.xcodeproj">
         </BuildableReference>
      </BuildableProductRunnable>
   </ProfileAction>
   <AnalyzeAction
      buildConfiguration = "Debug">
   </AnalyzeAction>
   <ArchiveAction
      buildConfiguration = "Release"
      revealArchiveInOrganizer = "YES">
   </ArchiveAction>
</Scheme>
